// !$*UTF8*$!
{
	archiveVersion = 1;
	classes = {
	};
	objectVersion = 56;
	objects = {

/* Begin PBXBuildFile section */
		DF0780E42C36D4D400E184D1 /* WebViewViewControllerDelegate.swift in Sources */ = {isa = PBXBuildFile; fileRef = DF0780E32C36D4D400E184D1 /* WebViewViewControllerDelegate.swift */; };
		DF0780E62C36D75D00E184D1 /* OAuth2TokenStorage.swift in Sources */ = {isa = PBXBuildFile; fileRef = DF0780E52C36D75D00E184D1 /* OAuth2TokenStorage.swift */; };
		DF0780E82C36D79100E184D1 /* AccessTokenResponse.swift in Sources */ = {isa = PBXBuildFile; fileRef = DF0780E72C36D79100E184D1 /* AccessTokenResponse.swift */; };
		DF0780ED2C36DC5D00E184D1 /* URLSession+data.swift in Sources */ = {isa = PBXBuildFile; fileRef = DF0780EC2C36DC5D00E184D1 /* URLSession+data.swift */; };
		DF0809D52C4522D2007D6F0B /* ProgressHUD in Frameworks */ = {isa = PBXBuildFile; productRef = DF0809D42C4522D2007D6F0B /* ProgressHUD */; };
		DF0C551F2BE3995C00C635BD /* AppDelegate.swift in Sources */ = {isa = PBXBuildFile; fileRef = DF0C551E2BE3995C00C635BD /* AppDelegate.swift */; };
		DF0C55212BE3995C00C635BD /* SceneDelegate.swift in Sources */ = {isa = PBXBuildFile; fileRef = DF0C55202BE3995C00C635BD /* SceneDelegate.swift */; };
		DF0C55262BE3995C00C635BD /* Base in Resources */ = {isa = PBXBuildFile; fileRef = DF0C55252BE3995C00C635BD /* Base */; };
		DF0C55282BE3995E00C635BD /* Assets.xcassets in Resources */ = {isa = PBXBuildFile; fileRef = DF0C55272BE3995E00C635BD /* Assets.xcassets */; };
		DF0C552B2BE3995E00C635BD /* Base in Resources */ = {isa = PBXBuildFile; fileRef = DF0C552A2BE3995E00C635BD /* Base */; };
		DF1049D82C255A380099FF2F /* AuthConfiguration.swift in Sources */ = {isa = PBXBuildFile; fileRef = DF1049D72C255A380099FF2F /* AuthConfiguration.swift */; };
		DF1648462C54D8FB00DF59B1 /* ImagesListService.swift in Sources */ = {isa = PBXBuildFile; fileRef = DF1648452C54D8FB00DF59B1 /* ImagesListService.swift */; };
		DF1648482C54D94200DF59B1 /* PhotoService.swift in Sources */ = {isa = PBXBuildFile; fileRef = DF1648472C54D94200DF59B1 /* PhotoService.swift */; };
		DF16484A2C54DBFF00DF59B1 /* PhotoResult.swift in Sources */ = {isa = PBXBuildFile; fileRef = DF1648492C54DBFF00DF59B1 /* PhotoResult.swift */; };
		DF18268D2C52B29C00AD1837 /* TabBarController.swift in Sources */ = {isa = PBXBuildFile; fileRef = DF18268C2C52B29C00AD1837 /* TabBarController.swift */; };
		DF4D0A012C399C4000999ED1 /* SplashViewController.swift in Sources */ = {isa = PBXBuildFile; fileRef = DF4D0A002C399C4000999ED1 /* SplashViewController.swift */; };
		DF664DA52C342EC100CADDD2 /* OAuth2Service.swift in Sources */ = {isa = PBXBuildFile; fileRef = DF664DA42C342EC100CADDD2 /* OAuth2Service.swift */; };
		DF706D222C2830F80078A0E5 /* AuthViewController.swift in Sources */ = {isa = PBXBuildFile; fileRef = DF706D212C2830F80078A0E5 /* AuthViewController.swift */; };
		DF706D252C2831E30078A0E5 /* WebViewViewController.swift in Sources */ = {isa = PBXBuildFile; fileRef = DF706D242C2831E30078A0E5 /* WebViewViewController.swift */; };
		DF7A437F2C512225006E757D /* JSONDecoder.swift in Sources */ = {isa = PBXBuildFile; fileRef = DF7A437E2C512225006E757D /* JSONDecoder.swift */; };
		DF7A43812C52636F006E757D /* ProfileImageService.swift in Sources */ = {isa = PBXBuildFile; fileRef = DF7A43802C52636F006E757D /* ProfileImageService.swift */; };
		DF7A43832C526455006E757D /* ProfileImageBody.swift in Sources */ = {isa = PBXBuildFile; fileRef = DF7A43822C526455006E757D /* ProfileImageBody.swift */; };
		DF84E8582C5A844F008A0D4A /* WebViewPresenter.swift in Sources */ = {isa = PBXBuildFile; fileRef = DF84E8572C5A844E008A0D4A /* WebViewPresenter.swift */; };
		DF84E85A2C5A85F8008A0D4A /* ImagesListPresenter.swift in Sources */ = {isa = PBXBuildFile; fileRef = DF84E8592C5A85F8008A0D4A /* ImagesListPresenter.swift */; };
		DF84E85C2C5A8617008A0D4A /* ProfileViewPresenter.swift in Sources */ = {isa = PBXBuildFile; fileRef = DF84E85B2C5A8617008A0D4A /* ProfileViewPresenter.swift */; };
		DF84E85E2C5A87D0008A0D4A /* AuthHelper.swift in Sources */ = {isa = PBXBuildFile; fileRef = DF84E85D2C5A87D0008A0D4A /* AuthHelper.swift */; };
		DF84E8712C5AB3EC008A0D4A /* ImageListTests.swift in Sources */ = {isa = PBXBuildFile; fileRef = DF84E8702C5AB3EC008A0D4A /* ImageListTests.swift */; };
		DF84E8782C5AB42D008A0D4A /* WebViewPresenterSpy.swift in Sources */ = {isa = PBXBuildFile; fileRef = DF84E8772C5AB42D008A0D4A /* WebViewPresenterSpy.swift */; };
		DF84E87A2C5AB45D008A0D4A /* WebViewViewControllerSpy.swift in Sources */ = {isa = PBXBuildFile; fileRef = DF84E8792C5AB45D008A0D4A /* WebViewViewControllerSpy.swift */; };
		DF84E87C2C5AB479008A0D4A /* ProfileViewPresenterSpy.swift in Sources */ = {isa = PBXBuildFile; fileRef = DF84E87B2C5AB479008A0D4A /* ProfileViewPresenterSpy.swift */; };
		DF84E87E2C5AB499008A0D4A /* ImagesListPresenterSpy.swift in Sources */ = {isa = PBXBuildFile; fileRef = DF84E87D2C5AB499008A0D4A /* ImagesListPresenterSpy.swift */; };
		DF871EF02C076F9000C1E163 /* ProfileViewController.swift in Sources */ = {isa = PBXBuildFile; fileRef = DF871EEF2C076F9000C1E163 /* ProfileViewController.swift */; };
		DF8B439E2C52BEBC0063CA9C /* Kingfisher in Frameworks */ = {isa = PBXBuildFile; productRef = DF8B439D2C52BEBC0063CA9C /* Kingfisher */; };
		DF8B43A12C52BEE90063CA9C /* SwiftKeychainWrapper in Frameworks */ = {isa = PBXBuildFile; productRef = DF8B43A02C52BEE90063CA9C /* SwiftKeychainWrapper */; };
		DFC9D0F22C5AD27100F61213 /* WebViewTest.swift in Sources */ = {isa = PBXBuildFile; fileRef = DFC9D0F12C5AD27100F61213 /* WebViewTest.swift */; };
		DFC9D0F62C5AD36500F61213 /* ProfileViewTest.swift in Sources */ = {isa = PBXBuildFile; fileRef = DFC9D0F52C5AD36500F61213 /* ProfileViewTest.swift */; };
		DFC9D10D2C5AD5BE00F61213 /* ImageFeedUITests.swift in Sources */ = {isa = PBXBuildFile; fileRef = DFC9D10C2C5AD5BE00F61213 /* ImageFeedUITests.swift */; };
		DFC9D10F2C5AD5BE00F61213 /* ImageFeedUITestsLaunchTests.swift in Sources */ = {isa = PBXBuildFile; fileRef = DFC9D10E2C5AD5BE00F61213 /* ImageFeedUITestsLaunchTests.swift */; };
		DFEC14722C4CFBDB008D3820 /* UIBlockingProgressHUD.swift in Sources */ = {isa = PBXBuildFile; fileRef = DFEC14712C4CFBDB008D3820 /* UIBlockingProgressHUD.swift */; };
		DFEC14752C4D0528008D3820 /* ProfileService.swift in Sources */ = {isa = PBXBuildFile; fileRef = DFEC14742C4D0528008D3820 /* ProfileService.swift */; };
		DFEC14772C4D0717008D3820 /* ProfileResult.swift in Sources */ = {isa = PBXBuildFile; fileRef = DFEC14762C4D0717008D3820 /* ProfileResult.swift */; };
		DFF70FFB2C15900A00EB40BC /* SingleImageViewController.swift in Sources */ = {isa = PBXBuildFile; fileRef = DFF70FFA2C15900A00EB40BC /* SingleImageViewController.swift */; };
		DFF71A1F2C555720009E4CE3 /* ProfileLogoutService.swift in Sources */ = {isa = PBXBuildFile; fileRef = DFF71A1E2C555720009E4CE3 /* ProfileLogoutService.swift */; };
		DFF89ED82C1592A70023DB32 /* ImagesListCell.swift in Sources */ = {isa = PBXBuildFile; fileRef = DFF89ED52C1592A70023DB32 /* ImagesListCell.swift */; };
		DFF89EDB2C1592A70023DB32 /* ImagesListViewController.swift in Sources */ = {isa = PBXBuildFile; fileRef = DFF89ED62C1592A70023DB32 /* ImagesListViewController.swift */; };
/* End PBXBuildFile section */

/* Begin PBXContainerItemProxy section */
		DF84E8722C5AB3EC008A0D4A /* PBXContainerItemProxy */ = {
			isa = PBXContainerItemProxy;
			containerPortal = DF0C55132BE3995C00C635BD /* Project object */;
			proxyType = 1;
			remoteGlobalIDString = DF0C551A2BE3995C00C635BD;
			remoteInfo = ImageFeed;
		};
		DFC9D1102C5AD5BE00F61213 /* PBXContainerItemProxy */ = {
			isa = PBXContainerItemProxy;
			containerPortal = DF0C55132BE3995C00C635BD /* Project object */;
			proxyType = 1;
			remoteGlobalIDString = DF0C551A2BE3995C00C635BD;
			remoteInfo = ImageFeed;
		};
/* End PBXContainerItemProxy section */

/* Begin PBXFileReference section */
		DF0780E32C36D4D400E184D1 /* WebViewViewControllerDelegate.swift */ = {isa = PBXFileReference; lastKnownFileType = sourcecode.swift; path = WebViewViewControllerDelegate.swift; sourceTree = "<group>"; };
		DF0780E52C36D75D00E184D1 /* OAuth2TokenStorage.swift */ = {isa = PBXFileReference; lastKnownFileType = sourcecode.swift; path = OAuth2TokenStorage.swift; sourceTree = "<group>"; };
		DF0780E72C36D79100E184D1 /* AccessTokenResponse.swift */ = {isa = PBXFileReference; lastKnownFileType = sourcecode.swift; path = AccessTokenResponse.swift; sourceTree = "<group>"; };
		DF0780EC2C36DC5D00E184D1 /* URLSession+data.swift */ = {isa = PBXFileReference; lastKnownFileType = sourcecode.swift; path = "URLSession+data.swift"; sourceTree = "<group>"; };
		DF0C551B2BE3995C00C635BD /* ImageFeed.app */ = {isa = PBXFileReference; explicitFileType = wrapper.application; includeInIndex = 0; path = ImageFeed.app; sourceTree = BUILT_PRODUCTS_DIR; };
		DF0C551E2BE3995C00C635BD /* AppDelegate.swift */ = {isa = PBXFileReference; lastKnownFileType = sourcecode.swift; path = AppDelegate.swift; sourceTree = "<group>"; };
		DF0C55202BE3995C00C635BD /* SceneDelegate.swift */ = {isa = PBXFileReference; lastKnownFileType = sourcecode.swift; path = SceneDelegate.swift; sourceTree = "<group>"; };
		DF0C55252BE3995C00C635BD /* Base */ = {isa = PBXFileReference; lastKnownFileType = file.storyboard; name = Base; path = Base.lproj/Main.storyboard; sourceTree = "<group>"; };
		DF0C55272BE3995E00C635BD /* Assets.xcassets */ = {isa = PBXFileReference; lastKnownFileType = folder.assetcatalog; path = Assets.xcassets; sourceTree = "<group>"; };
		DF0C552A2BE3995E00C635BD /* Base */ = {isa = PBXFileReference; lastKnownFileType = file.storyboard; name = Base; path = Base.lproj/LaunchScreen.storyboard; sourceTree = "<group>"; };
		DF0C552C2BE3995E00C635BD /* Info.plist */ = {isa = PBXFileReference; lastKnownFileType = text.plist.xml; path = Info.plist; sourceTree = "<group>"; };
		DF1049D72C255A380099FF2F /* AuthConfiguration.swift */ = {isa = PBXFileReference; lastKnownFileType = sourcecode.swift; path = AuthConfiguration.swift; sourceTree = "<group>"; };
		DF1648452C54D8FB00DF59B1 /* ImagesListService.swift */ = {isa = PBXFileReference; lastKnownFileType = sourcecode.swift; path = ImagesListService.swift; sourceTree = "<group>"; };
		DF1648472C54D94200DF59B1 /* PhotoService.swift */ = {isa = PBXFileReference; lastKnownFileType = sourcecode.swift; path = PhotoService.swift; sourceTree = "<group>"; };
		DF1648492C54DBFF00DF59B1 /* PhotoResult.swift */ = {isa = PBXFileReference; lastKnownFileType = sourcecode.swift; path = PhotoResult.swift; sourceTree = "<group>"; };
		DF18268C2C52B29C00AD1837 /* TabBarController.swift */ = {isa = PBXFileReference; lastKnownFileType = sourcecode.swift; path = TabBarController.swift; sourceTree = "<group>"; };
		DF4D0A002C399C4000999ED1 /* SplashViewController.swift */ = {isa = PBXFileReference; lastKnownFileType = sourcecode.swift; path = SplashViewController.swift; sourceTree = "<group>"; };
		DF664DA42C342EC100CADDD2 /* OAuth2Service.swift */ = {isa = PBXFileReference; lastKnownFileType = sourcecode.swift; path = OAuth2Service.swift; sourceTree = "<group>"; };
		DF706D212C2830F80078A0E5 /* AuthViewController.swift */ = {isa = PBXFileReference; lastKnownFileType = sourcecode.swift; path = AuthViewController.swift; sourceTree = "<group>"; };
		DF706D242C2831E30078A0E5 /* WebViewViewController.swift */ = {isa = PBXFileReference; lastKnownFileType = sourcecode.swift; path = WebViewViewController.swift; sourceTree = "<group>"; };
		DF7A437E2C512225006E757D /* JSONDecoder.swift */ = {isa = PBXFileReference; lastKnownFileType = sourcecode.swift; path = JSONDecoder.swift; sourceTree = "<group>"; };
		DF7A43802C52636F006E757D /* ProfileImageService.swift */ = {isa = PBXFileReference; lastKnownFileType = sourcecode.swift; path = ProfileImageService.swift; sourceTree = "<group>"; };
		DF7A43822C526455006E757D /* ProfileImageBody.swift */ = {isa = PBXFileReference; lastKnownFileType = sourcecode.swift; path = ProfileImageBody.swift; sourceTree = "<group>"; };
		DF84E8572C5A844E008A0D4A /* WebViewPresenter.swift */ = {isa = PBXFileReference; lastKnownFileType = sourcecode.swift; path = WebViewPresenter.swift; sourceTree = "<group>"; };
		DF84E8592C5A85F8008A0D4A /* ImagesListPresenter.swift */ = {isa = PBXFileReference; lastKnownFileType = sourcecode.swift; path = ImagesListPresenter.swift; sourceTree = "<group>"; };
		DF84E85B2C5A8617008A0D4A /* ProfileViewPresenter.swift */ = {isa = PBXFileReference; lastKnownFileType = sourcecode.swift; path = ProfileViewPresenter.swift; sourceTree = "<group>"; };
		DF84E85D2C5A87D0008A0D4A /* AuthHelper.swift */ = {isa = PBXFileReference; lastKnownFileType = sourcecode.swift; path = AuthHelper.swift; sourceTree = "<group>"; };
		DF84E86E2C5AB3EC008A0D4A /* ImageFeedTests.xctest */ = {isa = PBXFileReference; explicitFileType = wrapper.cfbundle; includeInIndex = 0; path = ImageFeedTests.xctest; sourceTree = BUILT_PRODUCTS_DIR; };
		DF84E8702C5AB3EC008A0D4A /* ImageListTests.swift */ = {isa = PBXFileReference; lastKnownFileType = sourcecode.swift; path = ImageListTests.swift; sourceTree = "<group>"; };
		DF84E8772C5AB42D008A0D4A /* WebViewPresenterSpy.swift */ = {isa = PBXFileReference; lastKnownFileType = sourcecode.swift; path = WebViewPresenterSpy.swift; sourceTree = "<group>"; };
		DF84E8792C5AB45D008A0D4A /* WebViewViewControllerSpy.swift */ = {isa = PBXFileReference; lastKnownFileType = sourcecode.swift; path = WebViewViewControllerSpy.swift; sourceTree = "<group>"; };
		DF84E87B2C5AB479008A0D4A /* ProfileViewPresenterSpy.swift */ = {isa = PBXFileReference; lastKnownFileType = sourcecode.swift; path = ProfileViewPresenterSpy.swift; sourceTree = "<group>"; };
		DF84E87D2C5AB499008A0D4A /* ImagesListPresenterSpy.swift */ = {isa = PBXFileReference; lastKnownFileType = sourcecode.swift; path = ImagesListPresenterSpy.swift; sourceTree = "<group>"; };
		DF871EEF2C076F9000C1E163 /* ProfileViewController.swift */ = {isa = PBXFileReference; lastKnownFileType = sourcecode.swift; path = ProfileViewController.swift; sourceTree = "<group>"; };
		DFC9D0F12C5AD27100F61213 /* WebViewTest.swift */ = {isa = PBXFileReference; lastKnownFileType = sourcecode.swift; path = WebViewTest.swift; sourceTree = "<group>"; };
		DFC9D0F52C5AD36500F61213 /* ProfileViewTest.swift */ = {isa = PBXFileReference; lastKnownFileType = sourcecode.swift; path = ProfileViewTest.swift; sourceTree = "<group>"; };
		DFC9D10A2C5AD5BE00F61213 /* ImageFeedUITests.xctest */ = {isa = PBXFileReference; explicitFileType = wrapper.cfbundle; includeInIndex = 0; path = ImageFeedUITests.xctest; sourceTree = BUILT_PRODUCTS_DIR; };
		DFC9D10C2C5AD5BE00F61213 /* ImageFeedUITests.swift */ = {isa = PBXFileReference; lastKnownFileType = sourcecode.swift; path = ImageFeedUITests.swift; sourceTree = "<group>"; };
		DFC9D10E2C5AD5BE00F61213 /* ImageFeedUITestsLaunchTests.swift */ = {isa = PBXFileReference; lastKnownFileType = sourcecode.swift; path = ImageFeedUITestsLaunchTests.swift; sourceTree = "<group>"; };
		DFEC14712C4CFBDB008D3820 /* UIBlockingProgressHUD.swift */ = {isa = PBXFileReference; lastKnownFileType = sourcecode.swift; path = UIBlockingProgressHUD.swift; sourceTree = "<group>"; };
		DFEC14742C4D0528008D3820 /* ProfileService.swift */ = {isa = PBXFileReference; lastKnownFileType = sourcecode.swift; path = ProfileService.swift; sourceTree = "<group>"; };
		DFEC14762C4D0717008D3820 /* ProfileResult.swift */ = {isa = PBXFileReference; lastKnownFileType = sourcecode.swift; path = ProfileResult.swift; sourceTree = "<group>"; };
		DFF70FFA2C15900A00EB40BC /* SingleImageViewController.swift */ = {isa = PBXFileReference; lastKnownFileType = sourcecode.swift; path = SingleImageViewController.swift; sourceTree = "<group>"; };
		DFF71A1E2C555720009E4CE3 /* ProfileLogoutService.swift */ = {isa = PBXFileReference; lastKnownFileType = sourcecode.swift; path = ProfileLogoutService.swift; sourceTree = "<group>"; };
		DFF89ED52C1592A70023DB32 /* ImagesListCell.swift */ = {isa = PBXFileReference; fileEncoding = 4; lastKnownFileType = sourcecode.swift; path = ImagesListCell.swift; sourceTree = "<group>"; };
		DFF89ED62C1592A70023DB32 /* ImagesListViewController.swift */ = {isa = PBXFileReference; fileEncoding = 4; lastKnownFileType = sourcecode.swift; path = ImagesListViewController.swift; sourceTree = "<group>"; };
/* End PBXFileReference section */

/* Begin PBXFrameworksBuildPhase section */
		DF0C55182BE3995C00C635BD /* Frameworks */ = {
			isa = PBXFrameworksBuildPhase;
			buildActionMask = 2147483647;
			files = (
				DF8B439E2C52BEBC0063CA9C /* Kingfisher in Frameworks */,
				DF0809D52C4522D2007D6F0B /* ProgressHUD in Frameworks */,
				DF8B43A12C52BEE90063CA9C /* SwiftKeychainWrapper in Frameworks */,
			);
			runOnlyForDeploymentPostprocessing = 0;
		};
		DF84E86B2C5AB3EC008A0D4A /* Frameworks */ = {
			isa = PBXFrameworksBuildPhase;
			buildActionMask = 2147483647;
			files = (
			);
			runOnlyForDeploymentPostprocessing = 0;
		};
		DFC9D1072C5AD5BE00F61213 /* Frameworks */ = {
			isa = PBXFrameworksBuildPhase;
			buildActionMask = 2147483647;
			files = (
			);
			runOnlyForDeploymentPostprocessing = 0;
		};
/* End PBXFrameworksBuildPhase section */

/* Begin PBXGroup section */
		DF0780EB2C36DC2900E184D1 /* Extensions */ = {
			isa = PBXGroup;
			children = (
				DF1049D72C255A380099FF2F /* AuthConfiguration.swift */,
				DFEC14712C4CFBDB008D3820 /* UIBlockingProgressHUD.swift */,
				DF0780EC2C36DC5D00E184D1 /* URLSession+data.swift */,
				DF7A437E2C512225006E757D /* JSONDecoder.swift */,
			);
			path = Extensions;
			sourceTree = "<group>";
		};
		DF0809D32C4522C9007D6F0B /* Frameworks */ = {
			isa = PBXGroup;
			children = (
			);
			name = Frameworks;
			sourceTree = "<group>";
		};
		DF0C55122BE3995C00C635BD = {
			isa = PBXGroup;
			children = (
				DF0C551D2BE3995C00C635BD /* ImageFeed */,
				DF84E86F2C5AB3EC008A0D4A /* ImageFeedUnitTests */,
				DFC9D10B2C5AD5BE00F61213 /* ImageFeedUITests */,
				DF0C551C2BE3995C00C635BD /* Products */,
				DF0809D32C4522C9007D6F0B /* Frameworks */,
			);
			sourceTree = "<group>";
		};
		DF0C551C2BE3995C00C635BD /* Products */ = {
			isa = PBXGroup;
			children = (
				DF0C551B2BE3995C00C635BD /* ImageFeed.app */,
				DF84E86E2C5AB3EC008A0D4A /* ImageFeedTests.xctest */,
				DFC9D10A2C5AD5BE00F61213 /* ImageFeedUITests.xctest */,
			);
			name = Products;
			sourceTree = "<group>";
		};
		DF0C551D2BE3995C00C635BD /* ImageFeed */ = {
			isa = PBXGroup;
			children = (
				DF0C551E2BE3995C00C635BD /* AppDelegate.swift */,
				DF0C55202BE3995C00C635BD /* SceneDelegate.swift */,
				DF664DA32C342E9900CADDD2 /* OAuth2Service */,
				DF706D232C2831510078A0E5 /* Auth */,
				DF4D09FF2C399C2E00999ED1 /* SplashViewController */,
				DFF89ED72C1592A70023DB32 /* ImagesList */,
				DFF89EDF2C1593F90023DB32 /* Profile */,
				DFF89EDE2C1593BD0023DB32 /* SignleImageView */,
				DF18268B2C52B27600AD1837 /* TabBar */,
				DF0780EB2C36DC2900E184D1 /* Extensions */,
				DF0C55242BE3995C00C635BD /* Main.storyboard */,
				DF0C55292BE3995E00C635BD /* LaunchScreen.storyboard */,
				DF0C55272BE3995E00C635BD /* Assets.xcassets */,
				DF0C552C2BE3995E00C635BD /* Info.plist */,
			);
			path = ImageFeed;
			sourceTree = "<group>";
		};
		DF18268B2C52B27600AD1837 /* TabBar */ = {
			isa = PBXGroup;
			children = (
				DF18268C2C52B29C00AD1837 /* TabBarController.swift */,
			);
			path = TabBar;
			sourceTree = "<group>";
		};
		DF4D09FF2C399C2E00999ED1 /* SplashViewController */ = {
			isa = PBXGroup;
			children = (
				DF4D0A002C399C4000999ED1 /* SplashViewController.swift */,
			);
			path = SplashViewController;
			sourceTree = "<group>";
		};
		DF664DA32C342E9900CADDD2 /* OAuth2Service */ = {
			isa = PBXGroup;
			children = (
				DF0780E52C36D75D00E184D1 /* OAuth2TokenStorage.swift */,
				DF664DA42C342EC100CADDD2 /* OAuth2Service.swift */,
				DF0780E72C36D79100E184D1 /* AccessTokenResponse.swift */,
			);
			path = OAuth2Service;
			sourceTree = "<group>";
		};
		DF706D232C2831510078A0E5 /* Auth */ = {
			isa = PBXGroup;
			children = (
				DF706D212C2830F80078A0E5 /* AuthViewController.swift */,
				DF706D242C2831E30078A0E5 /* WebViewViewController.swift */,
				DF0780E32C36D4D400E184D1 /* WebViewViewControllerDelegate.swift */,
				DF84E8572C5A844E008A0D4A /* WebViewPresenter.swift */,
				DF84E85D2C5A87D0008A0D4A /* AuthHelper.swift */,
			);
			name = Auth;
			sourceTree = "<group>";
		};
		DF84E86F2C5AB3EC008A0D4A /* ImageFeedUnitTests */ = {
			isa = PBXGroup;
			children = (
				DFC9D0F42C5AD2B600F61213 /* ImagesListTest */,
				DFC9D0F32C5AD28400F61213 /* ProfileTest */,
				DFC9D0F02C5AD24200F61213 /* WebViewTest */,
			);
			path = ImageFeedUnitTests;
			sourceTree = "<group>";
		};
		DFC9D0F02C5AD24200F61213 /* WebViewTest */ = {
			isa = PBXGroup;
			children = (
				DF84E8772C5AB42D008A0D4A /* WebViewPresenterSpy.swift */,
				DF84E8792C5AB45D008A0D4A /* WebViewViewControllerSpy.swift */,
				DFC9D0F12C5AD27100F61213 /* WebViewTest.swift */,
			);
			path = WebViewTest;
			sourceTree = "<group>";
		};
		DFC9D0F32C5AD28400F61213 /* ProfileTest */ = {
			isa = PBXGroup;
			children = (
				DF84E87B2C5AB479008A0D4A /* ProfileViewPresenterSpy.swift */,
				DFC9D0F52C5AD36500F61213 /* ProfileViewTest.swift */,
			);
			path = ProfileTest;
			sourceTree = "<group>";
		};
		DFC9D0F42C5AD2B600F61213 /* ImagesListTest */ = {
			isa = PBXGroup;
			children = (
				DF84E8702C5AB3EC008A0D4A /* ImageListTests.swift */,
				DF84E87D2C5AB499008A0D4A /* ImagesListPresenterSpy.swift */,
			);
			path = ImagesListTest;
			sourceTree = "<group>";
		};
		DFC9D10B2C5AD5BE00F61213 /* ImageFeedUITests */ = {
			isa = PBXGroup;
			children = (
				DFC9D10C2C5AD5BE00F61213 /* ImageFeedUITests.swift */,
				DFC9D10E2C5AD5BE00F61213 /* ImageFeedUITestsLaunchTests.swift */,
			);
			path = ImageFeedUITests;
			sourceTree = "<group>";
		};
		DFF89ED72C1592A70023DB32 /* ImagesList */ = {
			isa = PBXGroup;
			children = (
				DFF89ED52C1592A70023DB32 /* ImagesListCell.swift */,
				DFF89ED62C1592A70023DB32 /* ImagesListViewController.swift */,
				DF84E8592C5A85F8008A0D4A /* ImagesListPresenter.swift */,
				DF1648452C54D8FB00DF59B1 /* ImagesListService.swift */,
				DF1648472C54D94200DF59B1 /* PhotoService.swift */,
				DF1648492C54DBFF00DF59B1 /* PhotoResult.swift */,
			);
			path = ImagesList;
			sourceTree = "<group>";
		};
		DFF89EDE2C1593BD0023DB32 /* SignleImageView */ = {
			isa = PBXGroup;
			children = (
				DFF70FFA2C15900A00EB40BC /* SingleImageViewController.swift */,
			);
			name = SignleImageView;
			sourceTree = "<group>";
		};
		DFF89EDF2C1593F90023DB32 /* Profile */ = {
			isa = PBXGroup;
			children = (
				DF871EEF2C076F9000C1E163 /* ProfileViewController.swift */,
				DF84E85B2C5A8617008A0D4A /* ProfileViewPresenter.swift */,
				DFEC14742C4D0528008D3820 /* ProfileService.swift */,
				DFEC14762C4D0717008D3820 /* ProfileResult.swift */,
				DF7A43802C52636F006E757D /* ProfileImageService.swift */,
				DF7A43822C526455006E757D /* ProfileImageBody.swift */,
				DFF71A1E2C555720009E4CE3 /* ProfileLogoutService.swift */,
			);
			name = Profile;
			sourceTree = "<group>";
		};
/* End PBXGroup section */

/* Begin PBXNativeTarget section */
		DF0C551A2BE3995C00C635BD /* ImageFeed */ = {
			isa = PBXNativeTarget;
			buildConfigurationList = DF0C55452BE3995E00C635BD /* Build configuration list for PBXNativeTarget "ImageFeed" */;
			buildPhases = (
				DF0C55172BE3995C00C635BD /* Sources */,
				DF0C55182BE3995C00C635BD /* Frameworks */,
				DF0C55192BE3995C00C635BD /* Resources */,
			);
			buildRules = (
			);
			dependencies = (
			);
			name = ImageFeed;
			packageProductDependencies = (
				DF0809D42C4522D2007D6F0B /* ProgressHUD */,
				DF8B439D2C52BEBC0063CA9C /* Kingfisher */,
				DF8B43A02C52BEE90063CA9C /* SwiftKeychainWrapper */,
			);
			productName = ImageFeed;
			productReference = DF0C551B2BE3995C00C635BD /* ImageFeed.app */;
			productType = "com.apple.product-type.application";
		};
		DF84E86D2C5AB3EC008A0D4A /* ImageFeedTests */ = {
			isa = PBXNativeTarget;
			buildConfigurationList = DF84E8742C5AB3EC008A0D4A /* Build configuration list for PBXNativeTarget "ImageFeedTests" */;
			buildPhases = (
				DF84E86A2C5AB3EC008A0D4A /* Sources */,
				DF84E86B2C5AB3EC008A0D4A /* Frameworks */,
				DF84E86C2C5AB3EC008A0D4A /* Resources */,
			);
			buildRules = (
			);
			dependencies = (
				DF84E8732C5AB3EC008A0D4A /* PBXTargetDependency */,
			);
			name = ImageFeedTests;
			productName = ImageFeedTests;
			productReference = DF84E86E2C5AB3EC008A0D4A /* ImageFeedTests.xctest */;
			productType = "com.apple.product-type.bundle.unit-test";
		};
		DFC9D1092C5AD5BE00F61213 /* ImageFeedUITests */ = {
			isa = PBXNativeTarget;
			buildConfigurationList = DFC9D1122C5AD5BE00F61213 /* Build configuration list for PBXNativeTarget "ImageFeedUITests" */;
			buildPhases = (
				DFC9D1062C5AD5BE00F61213 /* Sources */,
				DFC9D1072C5AD5BE00F61213 /* Frameworks */,
				DFC9D1082C5AD5BE00F61213 /* Resources */,
			);
			buildRules = (
			);
			dependencies = (
				DFC9D1112C5AD5BE00F61213 /* PBXTargetDependency */,
			);
			name = ImageFeedUITests;
			productName = ImageFeedUITests;
			productReference = DFC9D10A2C5AD5BE00F61213 /* ImageFeedUITests.xctest */;
			productType = "com.apple.product-type.bundle.ui-testing";
		};
/* End PBXNativeTarget section */

/* Begin PBXProject section */
		DF0C55132BE3995C00C635BD /* Project object */ = {
			isa = PBXProject;
			attributes = {
				BuildIndependentTargetsInParallel = 1;
				LastSwiftUpdateCheck = 1540;
				LastUpgradeCheck = 1530;
				TargetAttributes = {
					DF0C551A2BE3995C00C635BD = {
						CreatedOnToolsVersion = 15.3;
					};
					DF84E86D2C5AB3EC008A0D4A = {
						CreatedOnToolsVersion = 15.4;
						TestTargetID = DF0C551A2BE3995C00C635BD;
					};
					DFC9D1092C5AD5BE00F61213 = {
						CreatedOnToolsVersion = 15.4;
						TestTargetID = DF0C551A2BE3995C00C635BD;
					};
				};
			};
			buildConfigurationList = DF0C55162BE3995C00C635BD /* Build configuration list for PBXProject "ImageFeed" */;
			compatibilityVersion = "Xcode 14.0";
			developmentRegion = en;
			hasScannedForEncodings = 0;
			knownRegions = (
				en,
				Base,
			);
			mainGroup = DF0C55122BE3995C00C635BD;
			packageReferences = (
				DF0809D22C4521AB007D6F0B /* XCRemoteSwiftPackageReference "ProgressHUD" */,
				DF8B439C2C52BEBC0063CA9C /* XCRemoteSwiftPackageReference "Kingfisher" */,
				DF8B439F2C52BEE90063CA9C /* XCRemoteSwiftPackageReference "SwiftKeychainWrapper" */,
			);
			productRefGroup = DF0C551C2BE3995C00C635BD /* Products */;
			projectDirPath = "";
			projectRoot = "";
			targets = (
				DF0C551A2BE3995C00C635BD /* ImageFeed */,
				DF84E86D2C5AB3EC008A0D4A /* ImageFeedTests */,
				DFC9D1092C5AD5BE00F61213 /* ImageFeedUITests */,
			);
		};
/* End PBXProject section */

/* Begin PBXResourcesBuildPhase section */
		DF0C55192BE3995C00C635BD /* Resources */ = {
			isa = PBXResourcesBuildPhase;
			buildActionMask = 2147483647;
			files = (
				DF0C55282BE3995E00C635BD /* Assets.xcassets in Resources */,
				DF0C552B2BE3995E00C635BD /* Base in Resources */,
				DF0C55262BE3995C00C635BD /* Base in Resources */,
			);
			runOnlyForDeploymentPostprocessing = 0;
		};
		DF84E86C2C5AB3EC008A0D4A /* Resources */ = {
			isa = PBXResourcesBuildPhase;
			buildActionMask = 2147483647;
			files = (
			);
			runOnlyForDeploymentPostprocessing = 0;
		};
		DFC9D1082C5AD5BE00F61213 /* Resources */ = {
			isa = PBXResourcesBuildPhase;
			buildActionMask = 2147483647;
			files = (
			);
			runOnlyForDeploymentPostprocessing = 0;
		};
/* End PBXResourcesBuildPhase section */

/* Begin PBXSourcesBuildPhase section */
		DF0C55172BE3995C00C635BD /* Sources */ = {
			isa = PBXSourcesBuildPhase;
			buildActionMask = 2147483647;
			files = (
				DF0780ED2C36DC5D00E184D1 /* URLSession+data.swift in Sources */,
				DF1648462C54D8FB00DF59B1 /* ImagesListService.swift in Sources */,
				DF0780E62C36D75D00E184D1 /* OAuth2TokenStorage.swift in Sources */,
				DF84E85C2C5A8617008A0D4A /* ProfileViewPresenter.swift in Sources */,
				DFF89EDB2C1592A70023DB32 /* ImagesListViewController.swift in Sources */,
				DFEC14722C4CFBDB008D3820 /* UIBlockingProgressHUD.swift in Sources */,
				DF871EF02C076F9000C1E163 /* ProfileViewController.swift in Sources */,
				DF0C551F2BE3995C00C635BD /* AppDelegate.swift in Sources */,
				DF7A437F2C512225006E757D /* JSONDecoder.swift in Sources */,
				DF1648482C54D94200DF59B1 /* PhotoService.swift in Sources */,
				DFF89ED82C1592A70023DB32 /* ImagesListCell.swift in Sources */,
				DFEC14752C4D0528008D3820 /* ProfileService.swift in Sources */,
				DF16484A2C54DBFF00DF59B1 /* PhotoResult.swift in Sources */,
				DF7A43832C526455006E757D /* ProfileImageBody.swift in Sources */,
				DF706D222C2830F80078A0E5 /* AuthViewController.swift in Sources */,
				DF0780E82C36D79100E184D1 /* AccessTokenResponse.swift in Sources */,
				DFF71A1F2C555720009E4CE3 /* ProfileLogoutService.swift in Sources */,
				DF84E85E2C5A87D0008A0D4A /* AuthHelper.swift in Sources */,
				DF1049D82C255A380099FF2F /* AuthConfiguration.swift in Sources */,
				DF18268D2C52B29C00AD1837 /* TabBarController.swift in Sources */,
				DF4D0A012C399C4000999ED1 /* SplashViewController.swift in Sources */,
				DF84E8582C5A844F008A0D4A /* WebViewPresenter.swift in Sources */,
				DFF70FFB2C15900A00EB40BC /* SingleImageViewController.swift in Sources */,
				DF0780E42C36D4D400E184D1 /* WebViewViewControllerDelegate.swift in Sources */,
				DF706D252C2831E30078A0E5 /* WebViewViewController.swift in Sources */,
				DF664DA52C342EC100CADDD2 /* OAuth2Service.swift in Sources */,
				DF7A43812C52636F006E757D /* ProfileImageService.swift in Sources */,
				DFEC14772C4D0717008D3820 /* ProfileResult.swift in Sources */,
				DF84E85A2C5A85F8008A0D4A /* ImagesListPresenter.swift in Sources */,
				DF0C55212BE3995C00C635BD /* SceneDelegate.swift in Sources */,
			);
			runOnlyForDeploymentPostprocessing = 0;
		};
		DF84E86A2C5AB3EC008A0D4A /* Sources */ = {
			isa = PBXSourcesBuildPhase;
			buildActionMask = 2147483647;
			files = (
				DF84E87C2C5AB479008A0D4A /* ProfileViewPresenterSpy.swift in Sources */,
				DF84E8712C5AB3EC008A0D4A /* ImageListTests.swift in Sources */,
				DF84E87E2C5AB499008A0D4A /* ImagesListPresenterSpy.swift in Sources */,
				DFC9D0F22C5AD27100F61213 /* WebViewTest.swift in Sources */,
				DF84E87A2C5AB45D008A0D4A /* WebViewViewControllerSpy.swift in Sources */,
				DF84E8782C5AB42D008A0D4A /* WebViewPresenterSpy.swift in Sources */,
				DFC9D0F62C5AD36500F61213 /* ProfileViewTest.swift in Sources */,
			);
			runOnlyForDeploymentPostprocessing = 0;
		};
		DFC9D1062C5AD5BE00F61213 /* Sources */ = {
			isa = PBXSourcesBuildPhase;
			buildActionMask = 2147483647;
			files = (
				DFC9D10F2C5AD5BE00F61213 /* ImageFeedUITestsLaunchTests.swift in Sources */,
				DFC9D10D2C5AD5BE00F61213 /* ImageFeedUITests.swift in Sources */,
			);
			runOnlyForDeploymentPostprocessing = 0;
		};
/* End PBXSourcesBuildPhase section */

/* Begin PBXTargetDependency section */
		DF84E8732C5AB3EC008A0D4A /* PBXTargetDependency */ = {
			isa = PBXTargetDependency;
			target = DF0C551A2BE3995C00C635BD /* ImageFeed */;
			targetProxy = DF84E8722C5AB3EC008A0D4A /* PBXContainerItemProxy */;
		};
		DFC9D1112C5AD5BE00F61213 /* PBXTargetDependency */ = {
			isa = PBXTargetDependency;
			target = DF0C551A2BE3995C00C635BD /* ImageFeed */;
			targetProxy = DFC9D1102C5AD5BE00F61213 /* PBXContainerItemProxy */;
		};
/* End PBXTargetDependency section */

/* Begin PBXVariantGroup section */
		DF0C55242BE3995C00C635BD /* Main.storyboard */ = {
			isa = PBXVariantGroup;
			children = (
				DF0C55252BE3995C00C635BD /* Base */,
			);
			name = Main.storyboard;
			sourceTree = "<group>";
		};
		DF0C55292BE3995E00C635BD /* LaunchScreen.storyboard */ = {
			isa = PBXVariantGroup;
			children = (
				DF0C552A2BE3995E00C635BD /* Base */,
			);
			name = LaunchScreen.storyboard;
			sourceTree = "<group>";
		};
/* End PBXVariantGroup section */

/* Begin XCBuildConfiguration section */
		DF0C55432BE3995E00C635BD /* Debug */ = {
			isa = XCBuildConfiguration;
			buildSettings = {
				ALWAYS_SEARCH_USER_PATHS = NO;
				ASSETCATALOG_COMPILER_GENERATE_SWIFT_ASSET_SYMBOL_EXTENSIONS = YES;
				CLANG_ANALYZER_NONNULL = YES;
				CLANG_ANALYZER_NUMBER_OBJECT_CONVERSION = YES_AGGRESSIVE;
				CLANG_CXX_LANGUAGE_STANDARD = "gnu++20";
				CLANG_ENABLE_MODULES = YES;
				CLANG_ENABLE_OBJC_ARC = YES;
				CLANG_ENABLE_OBJC_WEAK = YES;
				CLANG_WARN_BLOCK_CAPTURE_AUTORELEASING = YES;
				CLANG_WARN_BOOL_CONVERSION = YES;
				CLANG_WARN_COMMA = YES;
				CLANG_WARN_CONSTANT_CONVERSION = YES;
				CLANG_WARN_DEPRECATED_OBJC_IMPLEMENTATIONS = YES;
				CLANG_WARN_DIRECT_OBJC_ISA_USAGE = YES_ERROR;
				CLANG_WARN_DOCUMENTATION_COMMENTS = YES;
				CLANG_WARN_EMPTY_BODY = YES;
				CLANG_WARN_ENUM_CONVERSION = YES;
				CLANG_WARN_INFINITE_RECURSION = YES;
				CLANG_WARN_INT_CONVERSION = YES;
				CLANG_WARN_NON_LITERAL_NULL_CONVERSION = YES;
				CLANG_WARN_OBJC_IMPLICIT_RETAIN_SELF = YES;
				CLANG_WARN_OBJC_LITERAL_CONVERSION = YES;
				CLANG_WARN_OBJC_ROOT_CLASS = YES_ERROR;
				CLANG_WARN_QUOTED_INCLUDE_IN_FRAMEWORK_HEADER = YES;
				CLANG_WARN_RANGE_LOOP_ANALYSIS = YES;
				CLANG_WARN_STRICT_PROTOTYPES = YES;
				CLANG_WARN_SUSPICIOUS_MOVE = YES;
				CLANG_WARN_UNGUARDED_AVAILABILITY = YES_AGGRESSIVE;
				CLANG_WARN_UNREACHABLE_CODE = YES;
				CLANG_WARN__DUPLICATE_METHOD_MATCH = YES;
				COPY_PHASE_STRIP = NO;
				DEBUG_INFORMATION_FORMAT = dwarf;
				ENABLE_STRICT_OBJC_MSGSEND = YES;
				ENABLE_TESTABILITY = YES;
				ENABLE_USER_SCRIPT_SANDBOXING = YES;
				GCC_C_LANGUAGE_STANDARD = gnu17;
				GCC_DYNAMIC_NO_PIC = NO;
				GCC_NO_COMMON_BLOCKS = YES;
				GCC_OPTIMIZATION_LEVEL = 0;
				GCC_PREPROCESSOR_DEFINITIONS = (
					"DEBUG=1",
					"$(inherited)",
				);
				GCC_WARN_64_TO_32_BIT_CONVERSION = YES;
				GCC_WARN_ABOUT_RETURN_TYPE = YES_ERROR;
				GCC_WARN_UNDECLARED_SELECTOR = YES;
				GCC_WARN_UNINITIALIZED_AUTOS = YES_AGGRESSIVE;
				GCC_WARN_UNUSED_FUNCTION = YES;
				GCC_WARN_UNUSED_VARIABLE = YES;
				IPHONEOS_DEPLOYMENT_TARGET = 13.0;
				LOCALIZATION_PREFERS_STRING_CATALOGS = YES;
				MTL_ENABLE_DEBUG_INFO = INCLUDE_SOURCE;
				MTL_FAST_MATH = YES;
				ONLY_ACTIVE_ARCH = YES;
				SDKROOT = iphoneos;
				SWIFT_ACTIVE_COMPILATION_CONDITIONS = "DEBUG $(inherited)";
				SWIFT_OPTIMIZATION_LEVEL = "-Onone";
			};
			name = Debug;
		};
		DF0C55442BE3995E00C635BD /* Release */ = {
			isa = XCBuildConfiguration;
			buildSettings = {
				ALWAYS_SEARCH_USER_PATHS = NO;
				ASSETCATALOG_COMPILER_GENERATE_SWIFT_ASSET_SYMBOL_EXTENSIONS = YES;
				CLANG_ANALYZER_NONNULL = YES;
				CLANG_ANALYZER_NUMBER_OBJECT_CONVERSION = YES_AGGRESSIVE;
				CLANG_CXX_LANGUAGE_STANDARD = "gnu++20";
				CLANG_ENABLE_MODULES = YES;
				CLANG_ENABLE_OBJC_ARC = YES;
				CLANG_ENABLE_OBJC_WEAK = YES;
				CLANG_WARN_BLOCK_CAPTURE_AUTORELEASING = YES;
				CLANG_WARN_BOOL_CONVERSION = YES;
				CLANG_WARN_COMMA = YES;
				CLANG_WARN_CONSTANT_CONVERSION = YES;
				CLANG_WARN_DEPRECATED_OBJC_IMPLEMENTATIONS = YES;
				CLANG_WARN_DIRECT_OBJC_ISA_USAGE = YES_ERROR;
				CLANG_WARN_DOCUMENTATION_COMMENTS = YES;
				CLANG_WARN_EMPTY_BODY = YES;
				CLANG_WARN_ENUM_CONVERSION = YES;
				CLANG_WARN_INFINITE_RECURSION = YES;
				CLANG_WARN_INT_CONVERSION = YES;
				CLANG_WARN_NON_LITERAL_NULL_CONVERSION = YES;
				CLANG_WARN_OBJC_IMPLICIT_RETAIN_SELF = YES;
				CLANG_WARN_OBJC_LITERAL_CONVERSION = YES;
				CLANG_WARN_OBJC_ROOT_CLASS = YES_ERROR;
				CLANG_WARN_QUOTED_INCLUDE_IN_FRAMEWORK_HEADER = YES;
				CLANG_WARN_RANGE_LOOP_ANALYSIS = YES;
				CLANG_WARN_STRICT_PROTOTYPES = YES;
				CLANG_WARN_SUSPICIOUS_MOVE = YES;
				CLANG_WARN_UNGUARDED_AVAILABILITY = YES_AGGRESSIVE;
				CLANG_WARN_UNREACHABLE_CODE = YES;
				CLANG_WARN__DUPLICATE_METHOD_MATCH = YES;
				COPY_PHASE_STRIP = NO;
				DEBUG_INFORMATION_FORMAT = "dwarf-with-dsym";
				ENABLE_NS_ASSERTIONS = NO;
				ENABLE_STRICT_OBJC_MSGSEND = YES;
				ENABLE_USER_SCRIPT_SANDBOXING = YES;
				GCC_C_LANGUAGE_STANDARD = gnu17;
				GCC_NO_COMMON_BLOCKS = YES;
				GCC_WARN_64_TO_32_BIT_CONVERSION = YES;
				GCC_WARN_ABOUT_RETURN_TYPE = YES_ERROR;
				GCC_WARN_UNDECLARED_SELECTOR = YES;
				GCC_WARN_UNINITIALIZED_AUTOS = YES_AGGRESSIVE;
				GCC_WARN_UNUSED_FUNCTION = YES;
				GCC_WARN_UNUSED_VARIABLE = YES;
				IPHONEOS_DEPLOYMENT_TARGET = 13.0;
				LOCALIZATION_PREFERS_STRING_CATALOGS = YES;
				MTL_ENABLE_DEBUG_INFO = NO;
				MTL_FAST_MATH = YES;
				SDKROOT = iphoneos;
				SWIFT_COMPILATION_MODE = wholemodule;
				VALIDATE_PRODUCT = YES;
			};
			name = Release;
		};
		DF0C55462BE3995E00C635BD /* Debug */ = {
			isa = XCBuildConfiguration;
			buildSettings = {
				ASSETCATALOG_COMPILER_APPICON_NAME = AppIcon;
				ASSETCATALOG_COMPILER_GLOBAL_ACCENT_COLOR_NAME = AccentColor;
				CODE_SIGN_STYLE = Automatic;
				CURRENT_PROJECT_VERSION = 1;
				DEVELOPMENT_TEAM = TQM2VBQ2MN;
				GENERATE_INFOPLIST_FILE = YES;
				INFOPLIST_FILE = ImageFeed/Info.plist;
				INFOPLIST_KEY_LSApplicationCategoryType = "public.app-category.photography";
				INFOPLIST_KEY_UIApplicationSupportsIndirectInputEvents = YES;
				INFOPLIST_KEY_UILaunchStoryboardName = LaunchScreen;
				INFOPLIST_KEY_UIMainStoryboardFile = Main;
				INFOPLIST_KEY_UIStatusBarStyle = "";
				INFOPLIST_KEY_UISupportedInterfaceOrientations = UIInterfaceOrientationPortrait;
				IPHONEOS_DEPLOYMENT_TARGET = 13.0;
				LD_RUNPATH_SEARCH_PATHS = (
					"$(inherited)",
					"@executable_path/Frameworks",
				);
				MARKETING_VERSION = 1.0;
				PRODUCT_BUNDLE_IDENTIFIER = ru.yandex.wallterbrown.practicum.ImageFeed;
				PRODUCT_NAME = "$(TARGET_NAME)";
				SUPPORTED_PLATFORMS = "iphoneos iphonesimulator";
				SUPPORTS_MACCATALYST = NO;
				SUPPORTS_XR_DESIGNED_FOR_IPHONE_IPAD = NO;
				SWIFT_EMIT_LOC_STRINGS = YES;
				SWIFT_VERSION = 5.0;
				TARGETED_DEVICE_FAMILY = 1;
			};
			name = Debug;
		};
		DF0C55472BE3995E00C635BD /* Release */ = {
			isa = XCBuildConfiguration;
			buildSettings = {
				ASSETCATALOG_COMPILER_APPICON_NAME = AppIcon;
				ASSETCATALOG_COMPILER_GLOBAL_ACCENT_COLOR_NAME = AccentColor;
				CODE_SIGN_STYLE = Automatic;
				CURRENT_PROJECT_VERSION = 1;
				DEVELOPMENT_TEAM = TQM2VBQ2MN;
				GENERATE_INFOPLIST_FILE = YES;
				INFOPLIST_FILE = ImageFeed/Info.plist;
				INFOPLIST_KEY_LSApplicationCategoryType = "public.app-category.photography";
				INFOPLIST_KEY_UIApplicationSupportsIndirectInputEvents = YES;
				INFOPLIST_KEY_UILaunchStoryboardName = LaunchScreen;
				INFOPLIST_KEY_UIMainStoryboardFile = Main;
				INFOPLIST_KEY_UIStatusBarStyle = "";
				INFOPLIST_KEY_UISupportedInterfaceOrientations = UIInterfaceOrientationPortrait;
				IPHONEOS_DEPLOYMENT_TARGET = 13.0;
				LD_RUNPATH_SEARCH_PATHS = (
					"$(inherited)",
					"@executable_path/Frameworks",
				);
				MARKETING_VERSION = 1.0;
				PRODUCT_BUNDLE_IDENTIFIER = ru.yandex.wallterbrown.practicum.ImageFeed;
				PRODUCT_NAME = "$(TARGET_NAME)";
				SUPPORTED_PLATFORMS = "iphoneos iphonesimulator";
				SUPPORTS_MACCATALYST = NO;
				SUPPORTS_XR_DESIGNED_FOR_IPHONE_IPAD = NO;
				SWIFT_EMIT_LOC_STRINGS = YES;
				SWIFT_VERSION = 5.0;
				TARGETED_DEVICE_FAMILY = 1;
			};
			name = Release;
		};
		DF84E8752C5AB3EC008A0D4A /* Debug */ = {
			isa = XCBuildConfiguration;
			buildSettings = {
				BUNDLE_LOADER = "$(TEST_HOST)";
				CODE_SIGN_STYLE = Automatic;
				CURRENT_PROJECT_VERSION = 1;
				DEVELOPMENT_TEAM = TQM2VBQ2MN;
				GENERATE_INFOPLIST_FILE = YES;
				IPHONEOS_DEPLOYMENT_TARGET = 13.0;
				MARKETING_VERSION = 1.0;
				PRODUCT_BUNDLE_IDENTIFIER = ru.yandex.wallterbrown.practicum.ImageFeedTests;
				PRODUCT_NAME = "$(TARGET_NAME)";
				SWIFT_EMIT_LOC_STRINGS = NO;
				SWIFT_VERSION = 5.0;
				TARGETED_DEVICE_FAMILY = "1,2";
				TEST_HOST = "$(BUILT_PRODUCTS_DIR)/ImageFeed.app/$(BUNDLE_EXECUTABLE_FOLDER_PATH)/ImageFeed";
			};
			name = Debug;
		};
		DF84E8762C5AB3EC008A0D4A /* Release */ = {
			isa = XCBuildConfiguration;
			buildSettings = {
				BUNDLE_LOADER = "$(TEST_HOST)";
				CODE_SIGN_STYLE = Automatic;
				CURRENT_PROJECT_VERSION = 1;
				DEVELOPMENT_TEAM = TQM2VBQ2MN;
				GENERATE_INFOPLIST_FILE = YES;
				IPHONEOS_DEPLOYMENT_TARGET = 13.0;
				MARKETING_VERSION = 1.0;
				PRODUCT_BUNDLE_IDENTIFIER = ru.yandex.wallterbrown.practicum.ImageFeedTests;
				PRODUCT_NAME = "$(TARGET_NAME)";
				SWIFT_EMIT_LOC_STRINGS = NO;
				SWIFT_VERSION = 5.0;
				TARGETED_DEVICE_FAMILY = "1,2";
				TEST_HOST = "$(BUILT_PRODUCTS_DIR)/ImageFeed.app/$(BUNDLE_EXECUTABLE_FOLDER_PATH)/ImageFeed";
			};
			name = Release;
		};
		DFC9D1132C5AD5BE00F61213 /* Debug */ = {
			isa = XCBuildConfiguration;
			buildSettings = {
				CODE_SIGN_STYLE = Automatic;
				CURRENT_PROJECT_VERSION = 1;
				DEVELOPMENT_TEAM = TQM2VBQ2MN;
				GENERATE_INFOPLIST_FILE = YES;
				IPHONEOS_DEPLOYMENT_TARGET = 13.0;
				MARKETING_VERSION = 1.0;
				PRODUCT_BUNDLE_IDENTIFIER = ru.yandex.wallterbrown.practicum.ImageFeedUITests;
				PRODUCT_NAME = "$(TARGET_NAME)";
				SWIFT_EMIT_LOC_STRINGS = NO;
				SWIFT_VERSION = 5.0;
				TARGETED_DEVICE_FAMILY = "1,2";
				TEST_TARGET_NAME = ImageFeed;
			};
			name = Debug;
		};
		DFC9D1142C5AD5BE00F61213 /* Release */ = {
			isa = XCBuildConfiguration;
			buildSettings = {
				CODE_SIGN_STYLE = Automatic;
				CURRENT_PROJECT_VERSION = 1;
				DEVELOPMENT_TEAM = TQM2VBQ2MN;
				GENERATE_INFOPLIST_FILE = YES;
				IPHONEOS_DEPLOYMENT_TARGET = 13.0;
				MARKETING_VERSION = 1.0;
				PRODUCT_BUNDLE_IDENTIFIER = ru.yandex.wallterbrown.practicum.ImageFeedUITests;
				PRODUCT_NAME = "$(TARGET_NAME)";
				SWIFT_EMIT_LOC_STRINGS = NO;
				SWIFT_VERSION = 5.0;
				TARGETED_DEVICE_FAMILY = "1,2";
				TEST_TARGET_NAME = ImageFeed;
			};
			name = Release;
		};
/* End XCBuildConfiguration section */

/* Begin XCConfigurationList section */
		DF0C55162BE3995C00C635BD /* Build configuration list for PBXProject "ImageFeed" */ = {
			isa = XCConfigurationList;
			buildConfigurations = (
				DF0C55432BE3995E00C635BD /* Debug */,
				DF0C55442BE3995E00C635BD /* Release */,
			);
			defaultConfigurationIsVisible = 0;
			defaultConfigurationName = Release;
		};
		DF0C55452BE3995E00C635BD /* Build configuration list for PBXNativeTarget "ImageFeed" */ = {
			isa = XCConfigurationList;
			buildConfigurations = (
				DF0C55462BE3995E00C635BD /* Debug */,
				DF0C55472BE3995E00C635BD /* Release */,
			);
			defaultConfigurationIsVisible = 0;
			defaultConfigurationName = Release;
		};
		DF84E8742C5AB3EC008A0D4A /* Build configuration list for PBXNativeTarget "ImageFeedTests" */ = {
			isa = XCConfigurationList;
			buildConfigurations = (
				DF84E8752C5AB3EC008A0D4A /* Debug */,
				DF84E8762C5AB3EC008A0D4A /* Release */,
			);
			defaultConfigurationIsVisible = 0;
			defaultConfigurationName = Release;
		};
		DFC9D1122C5AD5BE00F61213 /* Build configuration list for PBXNativeTarget "ImageFeedUITests" */ = {
			isa = XCConfigurationList;
			buildConfigurations = (
				DFC9D1132C5AD5BE00F61213 /* Debug */,
				DFC9D1142C5AD5BE00F61213 /* Release */,
			);
			defaultConfigurationIsVisible = 0;
			defaultConfigurationName = Release;
		};
/* End XCConfigurationList section */

/* Begin XCRemoteSwiftPackageReference section */
		DF0809D22C4521AB007D6F0B /* XCRemoteSwiftPackageReference "ProgressHUD" */ = {
			isa = XCRemoteSwiftPackageReference;
			repositoryURL = "https://github.com/relatedcode/ProgressHUD";
			requirement = {
				kind = exactVersion;
				version = 14.1.3;
			};
		};
		DF8B439C2C52BEBC0063CA9C /* XCRemoteSwiftPackageReference "Kingfisher" */ = {
			isa = XCRemoteSwiftPackageReference;
			repositoryURL = "https://github.com/onevcat/Kingfisher.git";
			requirement = {
				kind = upToNextMajorVersion;
				minimumVersion = 7.12.0;
			};
		};
		DF8B439F2C52BEE90063CA9C /* XCRemoteSwiftPackageReference "SwiftKeychainWrapper" */ = {
			isa = XCRemoteSwiftPackageReference;
			repositoryURL = "https://github.com/jrendel/SwiftKeychainWrapper";
			requirement = {
				kind = upToNextMajorVersion;
				minimumVersion = 4.0.1;
			};
		};
/* End XCRemoteSwiftPackageReference section */

/* Begin XCSwiftPackageProductDependency section */
		DF0809D42C4522D2007D6F0B /* ProgressHUD */ = {
			isa = XCSwiftPackageProductDependency;
			package = DF0809D22C4521AB007D6F0B /* XCRemoteSwiftPackageReference "ProgressHUD" */;
			productName = ProgressHUD;
		};
		DF8B439D2C52BEBC0063CA9C /* Kingfisher */ = {
			isa = XCSwiftPackageProductDependency;
			package = DF8B439C2C52BEBC0063CA9C /* XCRemoteSwiftPackageReference "Kingfisher" */;
			productName = Kingfisher;
		};
		DF8B43A02C52BEE90063CA9C /* SwiftKeychainWrapper */ = {
			isa = XCSwiftPackageProductDependency;
			package = DF8B439F2C52BEE90063CA9C /* XCRemoteSwiftPackageReference "SwiftKeychainWrapper" */;
			productName = SwiftKeychainWrapper;
		};
/* End XCSwiftPackageProductDependency section */
	};
	rootObject = DF0C55132BE3995C00C635BD /* Project object */;
}
