// !$*UTF8*$!
{
	archiveVersion = 1;
	classes = {
	};
	objectVersion = 56;
	objects = {

/* Begin PBXBuildFile section */
		DF0C551F2BE3995C00C635BD /* AppDelegate.swift in Sources */ = {isa = PBXBuildFile; fileRef = DF0C551E2BE3995C00C635BD /* AppDelegate.swift */; };
		DF0C55212BE3995C00C635BD /* SceneDelegate.swift in Sources */ = {isa = PBXBuildFile; fileRef = DF0C55202BE3995C00C635BD /* SceneDelegate.swift */; };
		DF0C55232BE3995C00C635BD /* ImagesListViewController.swift in Sources */ = {isa = PBXBuildFile; fileRef = DF0C55222BE3995C00C635BD /* ImagesListViewController.swift */; };
		DF0C55262BE3995C00C635BD /* Base in Resources */ = {isa = PBXBuildFile; fileRef = DF0C55252BE3995C00C635BD /* Base */; };
		DF0C55282BE3995E00C635BD /* Assets.xcassets in Resources */ = {isa = PBXBuildFile; fileRef = DF0C55272BE3995E00C635BD /* Assets.xcassets */; };
		DF0C552B2BE3995E00C635BD /* Base in Resources */ = {isa = PBXBuildFile; fileRef = DF0C552A2BE3995E00C635BD /* Base */; };
		DF0C55362BE3995E00C635BD /* ImageFeedTests.swift in Sources */ = {isa = PBXBuildFile; fileRef = DF0C55352BE3995E00C635BD /* ImageFeedTests.swift */; };
		DF0C55402BE3995E00C635BD /* ImageFeedUITests.swift in Sources */ = {isa = PBXBuildFile; fileRef = DF0C553F2BE3995E00C635BD /* ImageFeedUITests.swift */; };
		DF0C55422BE3995E00C635BD /* ImageFeedUITestsLaunchTests.swift in Sources */ = {isa = PBXBuildFile; fileRef = DF0C55412BE3995E00C635BD /* ImageFeedUITestsLaunchTests.swift */; };
		DF25FADC2C0A595500908269 /* ImagesListCell.swift in Sources */ = {isa = PBXBuildFile; fileRef = DF25FADB2C0A595500908269 /* ImagesListCell.swift */; };
		DF871EF02C076F9000C1E163 /* ProfileViewController.swift in Sources */ = {isa = PBXBuildFile; fileRef = DF871EEF2C076F9000C1E163 /* ProfileViewController.swift */; };
/* End PBXBuildFile section */

/* Begin PBXContainerItemProxy section */
		DF0C55322BE3995E00C635BD /* PBXContainerItemProxy */ = {
			isa = PBXContainerItemProxy;
			containerPortal = DF0C55132BE3995C00C635BD /* Project object */;
			proxyType = 1;
			remoteGlobalIDString = DF0C551A2BE3995C00C635BD;
			remoteInfo = ImageFeed;
		};
		DF0C553C2BE3995E00C635BD /* PBXContainerItemProxy */ = {
			isa = PBXContainerItemProxy;
			containerPortal = DF0C55132BE3995C00C635BD /* Project object */;
			proxyType = 1;
			remoteGlobalIDString = DF0C551A2BE3995C00C635BD;
			remoteInfo = ImageFeed;
		};
/* End PBXContainerItemProxy section */

/* Begin PBXFileReference section */
		DF0C551B2BE3995C00C635BD /* ImageFeed.app */ = {isa = PBXFileReference; explicitFileType = wrapper.application; includeInIndex = 0; path = ImageFeed.app; sourceTree = BUILT_PRODUCTS_DIR; };
		DF0C551E2BE3995C00C635BD /* AppDelegate.swift */ = {isa = PBXFileReference; lastKnownFileType = sourcecode.swift; path = AppDelegate.swift; sourceTree = "<group>"; };
		DF0C55202BE3995C00C635BD /* SceneDelegate.swift */ = {isa = PBXFileReference; lastKnownFileType = sourcecode.swift; path = SceneDelegate.swift; sourceTree = "<group>"; };
		DF0C55222BE3995C00C635BD /* ImagesListViewController.swift */ = {isa = PBXFileReference; lastKnownFileType = sourcecode.swift; path = ImagesListViewController.swift; sourceTree = "<group>"; };
		DF0C55252BE3995C00C635BD /* Base */ = {isa = PBXFileReference; lastKnownFileType = file.storyboard; name = Base; path = Base.lproj/Main.storyboard; sourceTree = "<group>"; };
		DF0C55272BE3995E00C635BD /* Assets.xcassets */ = {isa = PBXFileReference; lastKnownFileType = folder.assetcatalog; path = Assets.xcassets; sourceTree = "<group>"; };
		DF0C552A2BE3995E00C635BD /* Base */ = {isa = PBXFileReference; lastKnownFileType = file.storyboard; name = Base; path = Base.lproj/LaunchScreen.storyboard; sourceTree = "<group>"; };
		DF0C552C2BE3995E00C635BD /* Info.plist */ = {isa = PBXFileReference; lastKnownFileType = text.plist.xml; path = Info.plist; sourceTree = "<group>"; };
		DF0C55312BE3995E00C635BD /* ImageFeedTests.xctest */ = {isa = PBXFileReference; explicitFileType = wrapper.cfbundle; includeInIndex = 0; path = ImageFeedTests.xctest; sourceTree = BUILT_PRODUCTS_DIR; };
		DF0C55352BE3995E00C635BD /* ImageFeedTests.swift */ = {isa = PBXFileReference; lastKnownFileType = sourcecode.swift; path = ImageFeedTests.swift; sourceTree = "<group>"; };
		DF0C553B2BE3995E00C635BD /* ImageFeedUITests.xctest */ = {isa = PBXFileReference; explicitFileType = wrapper.cfbundle; includeInIndex = 0; path = ImageFeedUITests.xctest; sourceTree = BUILT_PRODUCTS_DIR; };
		DF0C553F2BE3995E00C635BD /* ImageFeedUITests.swift */ = {isa = PBXFileReference; lastKnownFileType = sourcecode.swift; path = ImageFeedUITests.swift; sourceTree = "<group>"; };
		DF0C55412BE3995E00C635BD /* ImageFeedUITestsLaunchTests.swift */ = {isa = PBXFileReference; lastKnownFileType = sourcecode.swift; path = ImageFeedUITestsLaunchTests.swift; sourceTree = "<group>"; };
		DF25FADB2C0A595500908269 /* ImagesListCell.swift */ = {isa = PBXFileReference; lastKnownFileType = sourcecode.swift; path = ImagesListCell.swift; sourceTree = "<group>"; };
		DF871EEF2C076F9000C1E163 /* ProfileViewController.swift */ = {isa = PBXFileReference; lastKnownFileType = sourcecode.swift; path = ProfileViewController.swift; sourceTree = "<group>"; };
/* End PBXFileReference section */

/* Begin PBXFrameworksBuildPhase section */
		DF0C55182BE3995C00C635BD /* Frameworks */ = {
			isa = PBXFrameworksBuildPhase;
			buildActionMask = 2147483647;
			files = (
			);
			runOnlyForDeploymentPostprocessing = 0;
		};
		DF0C552E2BE3995E00C635BD /* Frameworks */ = {
			isa = PBXFrameworksBuildPhase;
			buildActionMask = 2147483647;
			files = (
			);
			runOnlyForDeploymentPostprocessing = 0;
		};
		DF0C55382BE3995E00C635BD /* Frameworks */ = {
			isa = PBXFrameworksBuildPhase;
			buildActionMask = 2147483647;
			files = (
			);
			runOnlyForDeploymentPostprocessing = 0;
		};
/* End PBXFrameworksBuildPhase section */

/* Begin PBXGroup section */
		DF0C55122BE3995C00C635BD = {
			isa = PBXGroup;
			children = (
				DF871EEF2C076F9000C1E163 /* ProfileViewController.swift */,
				DF0C551D2BE3995C00C635BD /* ImageFeed */,
				DF0C55342BE3995E00C635BD /* ImageFeedTests */,
				DF0C553E2BE3995E00C635BD /* ImageFeedUITests */,
				DF0C551C2BE3995C00C635BD /* Products */,
			);
			sourceTree = "<group>";
		};
		DF0C551C2BE3995C00C635BD /* Products */ = {
			isa = PBXGroup;
			children = (
				DF0C551B2BE3995C00C635BD /* ImageFeed.app */,
				DF0C55312BE3995E00C635BD /* ImageFeedTests.xctest */,
				DF0C553B2BE3995E00C635BD /* ImageFeedUITests.xctest */,
			);
			name = Products;
			sourceTree = "<group>";
		};
		DF0C551D2BE3995C00C635BD /* ImageFeed */ = {
			isa = PBXGroup;
			children = (
				DF0C551E2BE3995C00C635BD /* AppDelegate.swift */,
				DF0C55202BE3995C00C635BD /* SceneDelegate.swift */,
				DFAF0B262BF4BC1400D60DE4 /* ImagesList */,
				DF0C55242BE3995C00C635BD /* Main.storyboard */,
				DF0C55292BE3995E00C635BD /* LaunchScreen.storyboard */,
				DF0C55272BE3995E00C635BD /* Assets.xcassets */,
				DF0C552C2BE3995E00C635BD /* Info.plist */,
			);
			path = ImageFeed;
			sourceTree = "<group>";
		};
		DF0C55342BE3995E00C635BD /* ImageFeedTests */ = {
			isa = PBXGroup;
			children = (
				DF0C55352BE3995E00C635BD /* ImageFeedTests.swift */,
			);
			path = ImageFeedTests;
			sourceTree = "<group>";
		};
		DF0C553E2BE3995E00C635BD /* ImageFeedUITests */ = {
			isa = PBXGroup;
			children = (
				DF0C553F2BE3995E00C635BD /* ImageFeedUITests.swift */,
				DF0C55412BE3995E00C635BD /* ImageFeedUITestsLaunchTests.swift */,
			);
			path = ImageFeedUITests;
			sourceTree = "<group>";
		};
		DFAF0B262BF4BC1400D60DE4 /* ImagesList */ = {
			isa = PBXGroup;
			children = (
				DF0C55222BE3995C00C635BD /* ImagesListViewController.swift */,
				DF25FADB2C0A595500908269 /* ImagesListCell.swift */,
			);
			path = ImagesList;
			sourceTree = "<group>";
		};
/* End PBXGroup section */

/* Begin PBXNativeTarget section */
		DF0C551A2BE3995C00C635BD /* ImageFeed */ = {
			isa = PBXNativeTarget;
			buildConfigurationList = DF0C55452BE3995E00C635BD /* Build configuration list for PBXNativeTarget "ImageFeed" */;
			buildPhases = (
				DF0C55172BE3995C00C635BD /* Sources */,
				DF0C55182BE3995C00C635BD /* Frameworks */,
				DF0C55192BE3995C00C635BD /* Resources */,
			);
			buildRules = (
			);
			dependencies = (
			);
			name = ImageFeed;
			productName = ImageFeed;
			productReference = DF0C551B2BE3995C00C635BD /* ImageFeed.app */;
			productType = "com.apple.product-type.application";
		};
		DF0C55302BE3995E00C635BD /* ImageFeedTests */ = {
			isa = PBXNativeTarget;
			buildConfigurationList = DF0C55482BE3995E00C635BD /* Build configuration list for PBXNativeTarget "ImageFeedTests" */;
			buildPhases = (
				DF0C552D2BE3995E00C635BD /* Sources */,
				DF0C552E2BE3995E00C635BD /* Frameworks */,
				DF0C552F2BE3995E00C635BD /* Resources */,
			);
			buildRules = (
			);
			dependencies = (
				DF0C55332BE3995E00C635BD /* PBXTargetDependency */,
			);
			name = ImageFeedTests;
			productName = ImageFeedTests;
			productReference = DF0C55312BE3995E00C635BD /* ImageFeedTests.xctest */;
			productType = "com.apple.product-type.bundle.unit-test";
		};
		DF0C553A2BE3995E00C635BD /* ImageFeedUITests */ = {
			isa = PBXNativeTarget;
			buildConfigurationList = DF0C554B2BE3995E00C635BD /* Build configuration list for PBXNativeTarget "ImageFeedUITests" */;
			buildPhases = (
				DF0C55372BE3995E00C635BD /* Sources */,
				DF0C55382BE3995E00C635BD /* Frameworks */,
				DF0C55392BE3995E00C635BD /* Resources */,
			);
			buildRules = (
			);
			dependencies = (
				DF0C553D2BE3995E00C635BD /* PBXTargetDependency */,
			);
			name = ImageFeedUITests;
			productName = ImageFeedUITests;
			productReference = DF0C553B2BE3995E00C635BD /* ImageFeedUITests.xctest */;
			productType = "com.apple.product-type.bundle.ui-testing";
		};
/* End PBXNativeTarget section */

/* Begin PBXProject section */
		DF0C55132BE3995C00C635BD /* Project object */ = {
			isa = PBXProject;
			attributes = {
				BuildIndependentTargetsInParallel = 1;
				LastSwiftUpdateCheck = 1530;
				LastUpgradeCheck = 1530;
				TargetAttributes = {
					DF0C551A2BE3995C00C635BD = {
						CreatedOnToolsVersion = 15.3;
					};
					DF0C55302BE3995E00C635BD = {
						CreatedOnToolsVersion = 15.3;
						TestTargetID = DF0C551A2BE3995C00C635BD;
					};
					DF0C553A2BE3995E00C635BD = {
						CreatedOnToolsVersion = 15.3;
						TestTargetID = DF0C551A2BE3995C00C635BD;
					};
				};
			};
			buildConfigurationList = DF0C55162BE3995C00C635BD /* Build configuration list for PBXProject "ImageFeed" */;
			compatibilityVersion = "Xcode 14.0";
			developmentRegion = en;
			hasScannedForEncodings = 0;
			knownRegions = (
				en,
				Base,
			);
			mainGroup = DF0C55122BE3995C00C635BD;
			productRefGroup = DF0C551C2BE3995C00C635BD /* Products */;
			projectDirPath = "";
			projectRoot = "";
			targets = (
				DF0C551A2BE3995C00C635BD /* ImageFeed */,
				DF0C55302BE3995E00C635BD /* ImageFeedTests */,
				DF0C553A2BE3995E00C635BD /* ImageFeedUITests */,
			);
		};
/* End PBXProject section */

/* Begin PBXResourcesBuildPhase section */
		DF0C55192BE3995C00C635BD /* Resources */ = {
			isa = PBXResourcesBuildPhase;
			buildActionMask = 2147483647;
			files = (
				DF0C55282BE3995E00C635BD /* Assets.xcassets in Resources */,
				DF0C552B2BE3995E00C635BD /* Base in Resources */,
				DF0C55262BE3995C00C635BD /* Base in Resources */,
			);
			runOnlyForDeploymentPostprocessing = 0;
		};
		DF0C552F2BE3995E00C635BD /* Resources */ = {
			isa = PBXResourcesBuildPhase;
			buildActionMask = 2147483647;
			files = (
			);
			runOnlyForDeploymentPostprocessing = 0;
		};
		DF0C55392BE3995E00C635BD /* Resources */ = {
			isa = PBXResourcesBuildPhase;
			buildActionMask = 2147483647;
			files = (
			);
			runOnlyForDeploymentPostprocessing = 0;
		};
/* End PBXResourcesBuildPhase section */

/* Begin PBXSourcesBuildPhase section */
		DF0C55172BE3995C00C635BD /* Sources */ = {
			isa = PBXSourcesBuildPhase;
			buildActionMask = 2147483647;
			files = (
				DF0C55232BE3995C00C635BD /* ImagesListViewController.swift in Sources */,
				DF871EF02C076F9000C1E163 /* ProfileViewController.swift in Sources */,
				DF25FADC2C0A595500908269 /* ImagesListCell.swift in Sources */,
				DF0C551F2BE3995C00C635BD /* AppDelegate.swift in Sources */,
				DF0C55212BE3995C00C635BD /* SceneDelegate.swift in Sources */,
			);
			runOnlyForDeploymentPostprocessing = 0;
		};
		DF0C552D2BE3995E00C635BD /* Sources */ = {
			isa = PBXSourcesBuildPhase;
			buildActionMask = 2147483647;
			files = (
				DF0C55362BE3995E00C635BD /* ImageFeedTests.swift in Sources */,
			);
			runOnlyForDeploymentPostprocessing = 0;
		};
		DF0C55372BE3995E00C635BD /* Sources */ = {
			isa = PBXSourcesBuildPhase;
			buildActionMask = 2147483647;
			files = (
				DF0C55422BE3995E00C635BD /* ImageFeedUITestsLaunchTests.swift in Sources */,
				DF0C55402BE3995E00C635BD /* ImageFeedUITests.swift in Sources */,
			);
			runOnlyForDeploymentPostprocessing = 0;
		};
/* End PBXSourcesBuildPhase section */

/* Begin PBXTargetDependency section */
		DF0C55332BE3995E00C635BD /* PBXTargetDependency */ = {
			isa = PBXTargetDependency;
			target = DF0C551A2BE3995C00C635BD /* ImageFeed */;
			targetProxy = DF0C55322BE3995E00C635BD /* PBXContainerItemProxy */;
		};
		DF0C553D2BE3995E00C635BD /* PBXTargetDependency */ = {
			isa = PBXTargetDependency;
			target = DF0C551A2BE3995C00C635BD /* ImageFeed */;
			targetProxy = DF0C553C2BE3995E00C635BD /* PBXContainerItemProxy */;
		};
/* End PBXTargetDependency section */

/* Begin PBXVariantGroup section */
		DF0C55242BE3995C00C635BD /* Main.storyboard */ = {
			isa = PBXVariantGroup;
			children = (
				DF0C55252BE3995C00C635BD /* Base */,
			);
			name = Main.storyboard;
			sourceTree = "<group>";
		};
		DF0C55292BE3995E00C635BD /* LaunchScreen.storyboard */ = {
			isa = PBXVariantGroup;
			children = (
				DF0C552A2BE3995E00C635BD /* Base */,
			);
			name = LaunchScreen.storyboard;
			sourceTree = "<group>";
		};
/* End PBXVariantGroup section */

/* Begin XCBuildConfiguration section */
		DF0C55432BE3995E00C635BD /* Debug */ = {
			isa = XCBuildConfiguration;
			buildSettings = {
				ALWAYS_SEARCH_USER_PATHS = NO;
				ASSETCATALOG_COMPILER_GENERATE_SWIFT_ASSET_SYMBOL_EXTENSIONS = YES;
				CLANG_ANALYZER_NONNULL = YES;
				CLANG_ANALYZER_NUMBER_OBJECT_CONVERSION = YES_AGGRESSIVE;
				CLANG_CXX_LANGUAGE_STANDARD = "gnu++20";
				CLANG_ENABLE_MODULES = YES;
				CLANG_ENABLE_OBJC_ARC = YES;
				CLANG_ENABLE_OBJC_WEAK = YES;
				CLANG_WARN_BLOCK_CAPTURE_AUTORELEASING = YES;
				CLANG_WARN_BOOL_CONVERSION = YES;
				CLANG_WARN_COMMA = YES;
				CLANG_WARN_CONSTANT_CONVERSION = YES;
				CLANG_WARN_DEPRECATED_OBJC_IMPLEMENTATIONS = YES;
				CLANG_WARN_DIRECT_OBJC_ISA_USAGE = YES_ERROR;
				CLANG_WARN_DOCUMENTATION_COMMENTS = YES;
				CLANG_WARN_EMPTY_BODY = YES;
				CLANG_WARN_ENUM_CONVERSION = YES;
				CLANG_WARN_INFINITE_RECURSION = YES;
				CLANG_WARN_INT_CONVERSION = YES;
				CLANG_WARN_NON_LITERAL_NULL_CONVERSION = YES;
				CLANG_WARN_OBJC_IMPLICIT_RETAIN_SELF = YES;
				CLANG_WARN_OBJC_LITERAL_CONVERSION = YES;
				CLANG_WARN_OBJC_ROOT_CLASS = YES_ERROR;
				CLANG_WARN_QUOTED_INCLUDE_IN_FRAMEWORK_HEADER = YES;
				CLANG_WARN_RANGE_LOOP_ANALYSIS = YES;
				CLANG_WARN_STRICT_PROTOTYPES = YES;
				CLANG_WARN_SUSPICIOUS_MOVE = YES;
				CLANG_WARN_UNGUARDED_AVAILABILITY = YES_AGGRESSIVE;
				CLANG_WARN_UNREACHABLE_CODE = YES;
				CLANG_WARN__DUPLICATE_METHOD_MATCH = YES;
				COPY_PHASE_STRIP = NO;
				DEBUG_INFORMATION_FORMAT = dwarf;
				ENABLE_STRICT_OBJC_MSGSEND = YES;
				ENABLE_TESTABILITY = YES;
				ENABLE_USER_SCRIPT_SANDBOXING = YES;
				GCC_C_LANGUAGE_STANDARD = gnu17;
				GCC_DYNAMIC_NO_PIC = NO;
				GCC_NO_COMMON_BLOCKS = YES;
				GCC_OPTIMIZATION_LEVEL = 0;
				GCC_PREPROCESSOR_DEFINITIONS = (
					"DEBUG=1",
					"$(inherited)",
				);
				GCC_WARN_64_TO_32_BIT_CONVERSION = YES;
				GCC_WARN_ABOUT_RETURN_TYPE = YES_ERROR;
				GCC_WARN_UNDECLARED_SELECTOR = YES;
				GCC_WARN_UNINITIALIZED_AUTOS = YES_AGGRESSIVE;
				GCC_WARN_UNUSED_FUNCTION = YES;
				GCC_WARN_UNUSED_VARIABLE = YES;
				IPHONEOS_DEPLOYMENT_TARGET = 13.0;
				LOCALIZATION_PREFERS_STRING_CATALOGS = YES;
				MTL_ENABLE_DEBUG_INFO = INCLUDE_SOURCE;
				MTL_FAST_MATH = YES;
				ONLY_ACTIVE_ARCH = YES;
				SDKROOT = iphoneos;
				SWIFT_ACTIVE_COMPILATION_CONDITIONS = "DEBUG $(inherited)";
				SWIFT_OPTIMIZATION_LEVEL = "-Onone";
			};
			name = Debug;
		};
		DF0C55442BE3995E00C635BD /* Release */ = {
			isa = XCBuildConfiguration;
			buildSettings = {
				ALWAYS_SEARCH_USER_PATHS = NO;
				ASSETCATALOG_COMPILER_GENERATE_SWIFT_ASSET_SYMBOL_EXTENSIONS = YES;
				CLANG_ANALYZER_NONNULL = YES;
				CLANG_ANALYZER_NUMBER_OBJECT_CONVERSION = YES_AGGRESSIVE;
				CLANG_CXX_LANGUAGE_STANDARD = "gnu++20";
				CLANG_ENABLE_MODULES = YES;
				CLANG_ENABLE_OBJC_ARC = YES;
				CLANG_ENABLE_OBJC_WEAK = YES;
				CLANG_WARN_BLOCK_CAPTURE_AUTORELEASING = YES;
				CLANG_WARN_BOOL_CONVERSION = YES;
				CLANG_WARN_COMMA = YES;
				CLANG_WARN_CONSTANT_CONVERSION = YES;
				CLANG_WARN_DEPRECATED_OBJC_IMPLEMENTATIONS = YES;
				CLANG_WARN_DIRECT_OBJC_ISA_USAGE = YES_ERROR;
				CLANG_WARN_DOCUMENTATION_COMMENTS = YES;
				CLANG_WARN_EMPTY_BODY = YES;
				CLANG_WARN_ENUM_CONVERSION = YES;
				CLANG_WARN_INFINITE_RECURSION = YES;
				CLANG_WARN_INT_CONVERSION = YES;
				CLANG_WARN_NON_LITERAL_NULL_CONVERSION = YES;
				CLANG_WARN_OBJC_IMPLICIT_RETAIN_SELF = YES;
				CLANG_WARN_OBJC_LITERAL_CONVERSION = YES;
				CLANG_WARN_OBJC_ROOT_CLASS = YES_ERROR;
				CLANG_WARN_QUOTED_INCLUDE_IN_FRAMEWORK_HEADER = YES;
				CLANG_WARN_RANGE_LOOP_ANALYSIS = YES;
				CLANG_WARN_STRICT_PROTOTYPES = YES;
				CLANG_WARN_SUSPICIOUS_MOVE = YES;
				CLANG_WARN_UNGUARDED_AVAILABILITY = YES_AGGRESSIVE;
				CLANG_WARN_UNREACHABLE_CODE = YES;
				CLANG_WARN__DUPLICATE_METHOD_MATCH = YES;
				COPY_PHASE_STRIP = NO;
				DEBUG_INFORMATION_FORMAT = "dwarf-with-dsym";
				ENABLE_NS_ASSERTIONS = NO;
				ENABLE_STRICT_OBJC_MSGSEND = YES;
				ENABLE_USER_SCRIPT_SANDBOXING = YES;
				GCC_C_LANGUAGE_STANDARD = gnu17;
				GCC_NO_COMMON_BLOCKS = YES;
				GCC_WARN_64_TO_32_BIT_CONVERSION = YES;
				GCC_WARN_ABOUT_RETURN_TYPE = YES_ERROR;
				GCC_WARN_UNDECLARED_SELECTOR = YES;
				GCC_WARN_UNINITIALIZED_AUTOS = YES_AGGRESSIVE;
				GCC_WARN_UNUSED_FUNCTION = YES;
				GCC_WARN_UNUSED_VARIABLE = YES;
				IPHONEOS_DEPLOYMENT_TARGET = 13.0;
				LOCALIZATION_PREFERS_STRING_CATALOGS = YES;
				MTL_ENABLE_DEBUG_INFO = NO;
				MTL_FAST_MATH = YES;
				SDKROOT = iphoneos;
				SWIFT_COMPILATION_MODE = wholemodule;
				VALIDATE_PRODUCT = YES;
			};
			name = Release;
		};
		DF0C55462BE3995E00C635BD /* Debug */ = {
			isa = XCBuildConfiguration;
			buildSettings = {
				ASSETCATALOG_COMPILER_APPICON_NAME = AppIcon;
				ASSETCATALOG_COMPILER_GLOBAL_ACCENT_COLOR_NAME = AccentColor;
				CODE_SIGN_STYLE = Automatic;
				CURRENT_PROJECT_VERSION = 1;
				DEVELOPMENT_TEAM = TQM2VBQ2MN;
				GENERATE_INFOPLIST_FILE = YES;
				INFOPLIST_FILE = ImageFeed/Info.plist;
				INFOPLIST_KEY_UIApplicationSupportsIndirectInputEvents = YES;
				INFOPLIST_KEY_UILaunchStoryboardName = LaunchScreen;
				INFOPLIST_KEY_UIMainStoryboardFile = Main;
				INFOPLIST_KEY_UIStatusBarStyle = "";
				INFOPLIST_KEY_UISupportedInterfaceOrientations = UIInterfaceOrientationPortrait;
				IPHONEOS_DEPLOYMENT_TARGET = 13.0;
				LD_RUNPATH_SEARCH_PATHS = (
					"$(inherited)",
					"@executable_path/Frameworks",
				);
				MARKETING_VERSION = 1.0;
				PRODUCT_BUNDLE_IDENTIFIER = ru.yandex.wallterbrown.practicum.ImageFeed;
				PRODUCT_NAME = "$(TARGET_NAME)";
				SUPPORTED_PLATFORMS = "iphoneos iphonesimulator";
				SUPPORTS_MACCATALYST = NO;
				SUPPORTS_XR_DESIGNED_FOR_IPHONE_IPAD = NO;
				SWIFT_EMIT_LOC_STRINGS = YES;
				SWIFT_VERSION = 5.0;
				TARGETED_DEVICE_FAMILY = 1;
			};
			name = Debug;
		};
		DF0C55472BE3995E00C635BD /* Release */ = {
			isa = XCBuildConfiguration;
			buildSettings = {
				ASSETCATALOG_COMPILER_APPICON_NAME = AppIcon;
				ASSETCATALOG_COMPILER_GLOBAL_ACCENT_COLOR_NAME = AccentColor;
				CODE_SIGN_STYLE = Automatic;
				CURRENT_PROJECT_VERSION = 1;
				DEVELOPMENT_TEAM = TQM2VBQ2MN;
				GENERATE_INFOPLIST_FILE = YES;
				INFOPLIST_FILE = ImageFeed/Info.plist;
				INFOPLIST_KEY_UIApplicationSupportsIndirectInputEvents = YES;
				INFOPLIST_KEY_UILaunchStoryboardName = LaunchScreen;
				INFOPLIST_KEY_UIMainStoryboardFile = Main;
				INFOPLIST_KEY_UIStatusBarStyle = "";
				INFOPLIST_KEY_UISupportedInterfaceOrientations = UIInterfaceOrientationPortrait;
				IPHONEOS_DEPLOYMENT_TARGET = 13.0;
				LD_RUNPATH_SEARCH_PATHS = (
					"$(inherited)",
					"@executable_path/Frameworks",
				);
				MARKETING_VERSION = 1.0;
				PRODUCT_BUNDLE_IDENTIFIER = ru.yandex.wallterbrown.practicum.ImageFeed;
				PRODUCT_NAME = "$(TARGET_NAME)";
				SUPPORTED_PLATFORMS = "iphoneos iphonesimulator";
				SUPPORTS_MACCATALYST = NO;
				SUPPORTS_XR_DESIGNED_FOR_IPHONE_IPAD = NO;
				SWIFT_EMIT_LOC_STRINGS = YES;
				SWIFT_VERSION = 5.0;
				TARGETED_DEVICE_FAMILY = 1;
			};
			name = Release;
		};
		DF0C55492BE3995E00C635BD /* Debug */ = {
			isa = XCBuildConfiguration;
			buildSettings = {
				ALWAYS_EMBED_SWIFT_STANDARD_LIBRARIES = YES;
				BUNDLE_LOADER = "$(TEST_HOST)";
				CODE_SIGN_STYLE = Automatic;
				CURRENT_PROJECT_VERSION = 1;
				DEVELOPMENT_TEAM = TQM2VBQ2MN;
				GENERATE_INFOPLIST_FILE = YES;
				IPHONEOS_DEPLOYMENT_TARGET = 13.0;
				MARKETING_VERSION = 1.0;
				PRODUCT_BUNDLE_IDENTIFIER = ru.yandex.wallterbrown.practicum.ImageFeedTests;
				PRODUCT_NAME = "$(TARGET_NAME)";
				SWIFT_EMIT_LOC_STRINGS = NO;
				SWIFT_VERSION = 5.0;
				TARGETED_DEVICE_FAMILY = "1,2";
				TEST_HOST = "$(BUILT_PRODUCTS_DIR)/ImageFeed.app/$(BUNDLE_EXECUTABLE_FOLDER_PATH)/ImageFeed";
			};
			name = Debug;
		};
		DF0C554A2BE3995E00C635BD /* Release */ = {
			isa = XCBuildConfiguration;
			buildSettings = {
				ALWAYS_EMBED_SWIFT_STANDARD_LIBRARIES = YES;
				BUNDLE_LOADER = "$(TEST_HOST)";
				CODE_SIGN_STYLE = Automatic;
				CURRENT_PROJECT_VERSION = 1;
				DEVELOPMENT_TEAM = TQM2VBQ2MN;
				GENERATE_INFOPLIST_FILE = YES;
				IPHONEOS_DEPLOYMENT_TARGET = 13.0;
				MARKETING_VERSION = 1.0;
				PRODUCT_BUNDLE_IDENTIFIER = ru.yandex.wallterbrown.practicum.ImageFeedTests;
				PRODUCT_NAME = "$(TARGET_NAME)";
				SWIFT_EMIT_LOC_STRINGS = NO;
				SWIFT_VERSION = 5.0;
				TARGETED_DEVICE_FAMILY = "1,2";
				TEST_HOST = "$(BUILT_PRODUCTS_DIR)/ImageFeed.app/$(BUNDLE_EXECUTABLE_FOLDER_PATH)/ImageFeed";
			};
			name = Release;
		};
		DF0C554C2BE3995E00C635BD /* Debug */ = {
			isa = XCBuildConfiguration;
			buildSettings = {
				ALWAYS_EMBED_SWIFT_STANDARD_LIBRARIES = YES;
				CODE_SIGN_STYLE = Automatic;
				CURRENT_PROJECT_VERSION = 1;
				DEVELOPMENT_TEAM = TQM2VBQ2MN;
				GENERATE_INFOPLIST_FILE = YES;
				IPHONEOS_DEPLOYMENT_TARGET = 13.0;
				MARKETING_VERSION = 1.0;
				PRODUCT_BUNDLE_IDENTIFIER = ru.yandex.wallterbrown.practicum.ImageFeedUITests;
				PRODUCT_NAME = "$(TARGET_NAME)";
				SWIFT_EMIT_LOC_STRINGS = NO;
				SWIFT_VERSION = 5.0;
				TARGETED_DEVICE_FAMILY = "1,2";
				TEST_TARGET_NAME = ImageFeed;
			};
			name = Debug;
		};
		DF0C554D2BE3995E00C635BD /* Release */ = {
			isa = XCBuildConfiguration;
			buildSettings = {
				ALWAYS_EMBED_SWIFT_STANDARD_LIBRARIES = YES;
				CODE_SIGN_STYLE = Automatic;
				CURRENT_PROJECT_VERSION = 1;
				DEVELOPMENT_TEAM = TQM2VBQ2MN;
				GENERATE_INFOPLIST_FILE = YES;
				IPHONEOS_DEPLOYMENT_TARGET = 13.0;
				MARKETING_VERSION = 1.0;
				PRODUCT_BUNDLE_IDENTIFIER = ru.yandex.wallterbrown.practicum.ImageFeedUITests;
				PRODUCT_NAME = "$(TARGET_NAME)";
				SWIFT_EMIT_LOC_STRINGS = NO;
				SWIFT_VERSION = 5.0;
				TARGETED_DEVICE_FAMILY = "1,2";
				TEST_TARGET_NAME = ImageFeed;
			};
			name = Release;
		};
/* End XCBuildConfiguration section */

/* Begin XCConfigurationList section */
		DF0C55162BE3995C00C635BD /* Build configuration list for PBXProject "ImageFeed" */ = {
			isa = XCConfigurationList;
			buildConfigurations = (
				DF0C55432BE3995E00C635BD /* Debug */,
				DF0C55442BE3995E00C635BD /* Release */,
			);
			defaultConfigurationIsVisible = 0;
			defaultConfigurationName = Release;
		};
		DF0C55452BE3995E00C635BD /* Build configuration list for PBXNativeTarget "ImageFeed" */ = {
			isa = XCConfigurationList;
			buildConfigurations = (
				DF0C55462BE3995E00C635BD /* Debug */,
				DF0C55472BE3995E00C635BD /* Release */,
			);
			defaultConfigurationIsVisible = 0;
			defaultConfigurationName = Release;
		};
		DF0C55482BE3995E00C635BD /* Build configuration list for PBXNativeTarget "ImageFeedTests" */ = {
			isa = XCConfigurationList;
			buildConfigurations = (
				DF0C55492BE3995E00C635BD /* Debug */,
				DF0C554A2BE3995E00C635BD /* Release */,
			);
			defaultConfigurationIsVisible = 0;
			defaultConfigurationName = Release;
		};
		DF0C554B2BE3995E00C635BD /* Build configuration list for PBXNativeTarget "ImageFeedUITests" */ = {
			isa = XCConfigurationList;
			buildConfigurations = (
				DF0C554C2BE3995E00C635BD /* Debug */,
				DF0C554D2BE3995E00C635BD /* Release */,
			);
			defaultConfigurationIsVisible = 0;
			defaultConfigurationName = Release;
		};
/* End XCConfigurationList section */
	};
	rootObject = DF0C55132BE3995C00C635BD /* Project object */;
}
